PODS:
  - applovin_max (4.6.0):
    - AppLovinSDK (= 13.5.0)
    - Flutter
  - AppLovinSDK (13.5.0)
  - Flutter (1.0.0)

DEPENDENCIES:
  - applovin_max (from `.symlinks/plugins/applovin_max/ios`)
  - Flutter (from `Flutter`)

SPEC REPOS:
  trunk:
    - AppLovinSDK

EXTERNAL SOURCES:
  applovin_max:
    :path: ".symlinks/plugins/applovin_max/ios"
  Flutter:
    :path: Flutter

SPEC CHECKSUMS:
  applovin_max: a921604ba97b0400e3cdf4768da0aa53e756978e
  AppLovinSDK: bf8974163120910e6b902e9610e7c5a2c0f577b6
  Flutter: e0871f40cf51350855a761d2e70bf5af5b9b5de7

PODFILE CHECKSUM: 663715e941f9adb426e33bf9376914006f9ea95b

COCOAPODS: 1.16.2
