PODS:
  - applovin_max (4.6.0):
    - AppLovinSDK (= 13.4.0)
    - Flutter
  - AppLovinSDK (13.4.0)
  - Flutter (1.0.0)

DEPENDENCIES:
  - applovin_max (from `.symlinks/plugins/applovin_max/ios`)
  - Flutter (from `Flutter`)

SPEC REPOS:
  trunk:
    - AppLovinSDK

EXTERNAL SOURCES:
  applovin_max:
    :path: ".symlinks/plugins/applovin_max/ios"
  Flutter:
    :path: Flutter

SPEC CHECKSUMS:
  applovin_max: ad09c908f9ca979cb02b93915899cf44c5acc2c7
  AppLovinSDK: 33fcc783889e2d522ae26886b31e5551246a5b2f
  Flutter: e0871f40cf51350855a761d2e70bf5af5b9b5de7

PODFILE CHECKSUM: 663715e941f9adb426e33bf9376914006f9ea95b

COCOAPODS: 1.16.2
